
Microsoft Visual Studio Solution File, Format Version 12.00
# Visual Studio 14
VisualStudioVersion = 14.0.25420.1
MinimumVisualStudioVersion = 10.0.40219.1
Project("{FAE04EC0-301F-11D3-BF4B-00C04F79EFBC}") = "InternetAuction.API", "InternetAuction.API\InternetAuction.API.csproj", "{25AA809C-6A5B-4ADF-8612-9F283103A798}"
EndProject
Project("{FAE04EC0-301F-11D3-BF4B-00C04F79EFBC}") = "InternetAuction.UI", "InternetAuction.UI\InternetAuction.UI.csproj", "{660383B3-B9CB-4AE4-97AC-6D87FF535EC7}"
EndProject
Project("{FAE04EC0-301F-11D3-BF4B-00C04F79EFBC}") = "InternetAuctionTests", "InternetAuctionTests\InternetAuctionTests.csproj", "{6FBFC939-D5DB-4489-9453-5AF54FDB5C97}"
EndProject
Project("{FAE04EC0-301F-11D3-BF4B-00C04F79EFBC}") = "Bank.API", "Bank.API\Bank.API.csproj", "{4A2DA1F7-EDC1-49DE-811F-3489A226E7A7}"
EndProject
Project("{FAE04EC0-301F-11D3-BF4B-00C04F79EFBC}") = "InternetAuction.IntegrationTests", "InternetAuction.IntegrationTests\InternetAuction.IntegrationTests.csproj", "{AF961B4E-D46B-4ABD-8ED5-F3AE86EF2018}"
EndProject
Global
	GlobalSection(SolutionConfigurationPlatforms) = preSolution
		Debug|Any CPU = Debug|Any CPU
		Debug-Jan|Any CPU = Debug-Jan|Any CPU
		Debug-Jenny|Any CPU = Debug-Jenny|Any CPU
		Release|Any CPU = Release|Any CPU
	EndGlobalSection
	GlobalSection(ProjectConfigurationPlatforms) = postSolution
		{25AA809C-6A5B-4ADF-8612-9F283103A798}.Debug|Any CPU.ActiveCfg = Debug|Any CPU
		{25AA809C-6A5B-4ADF-8612-9F283103A798}.Debug|Any CPU.Build.0 = Debug|Any CPU
		{25AA809C-6A5B-4ADF-8612-9F283103A798}.Debug-Jan|Any CPU.ActiveCfg = Debug-Jan|Any CPU
		{25AA809C-6A5B-4ADF-8612-9F283103A798}.Debug-Jan|Any CPU.Build.0 = Debug-Jan|Any CPU
		{25AA809C-6A5B-4ADF-8612-9F283103A798}.Debug-Jenny|Any CPU.ActiveCfg = Debug-Jenny|Any CPU
		{25AA809C-6A5B-4ADF-8612-9F283103A798}.Debug-Jenny|Any CPU.Build.0 = Debug-Jenny|Any CPU
		{25AA809C-6A5B-4ADF-8612-9F283103A798}.Release|Any CPU.ActiveCfg = Release|Any CPU
		{25AA809C-6A5B-4ADF-8612-9F283103A798}.Release|Any CPU.Build.0 = Release|Any CPU
		{660383B3-B9CB-4AE4-97AC-6D87FF535EC7}.Debug|Any CPU.ActiveCfg = Debug|Any CPU
		{660383B3-B9CB-4AE4-97AC-6D87FF535EC7}.Debug|Any CPU.Build.0 = Debug|Any CPU
		{660383B3-B9CB-4AE4-97AC-6D87FF535EC7}.Debug-Jan|Any CPU.ActiveCfg = Debug-Jan|Any CPU
		{660383B3-B9CB-4AE4-97AC-6D87FF535EC7}.Debug-Jan|Any CPU.Build.0 = Debug-Jan|Any CPU
		{660383B3-B9CB-4AE4-97AC-6D87FF535EC7}.Debug-Jenny|Any CPU.ActiveCfg = Debug-Jenny|Any CPU
		{660383B3-B9CB-4AE4-97AC-6D87FF535EC7}.Debug-Jenny|Any CPU.Build.0 = Debug-Jenny|Any CPU
		{660383B3-B9CB-4AE4-97AC-6D87FF535EC7}.Release|Any CPU.ActiveCfg = Release|Any CPU
		{660383B3-B9CB-4AE4-97AC-6D87FF535EC7}.Release|Any CPU.Build.0 = Release|Any CPU
		{6FBFC939-D5DB-4489-9453-5AF54FDB5C97}.Debug|Any CPU.ActiveCfg = Debug|Any CPU
		{6FBFC939-D5DB-4489-9453-5AF54FDB5C97}.Debug|Any CPU.Build.0 = Debug|Any CPU
		{6FBFC939-D5DB-4489-9453-5AF54FDB5C97}.Debug-Jan|Any CPU.ActiveCfg = Debug-Jan|Any CPU
		{6FBFC939-D5DB-4489-9453-5AF54FDB5C97}.Debug-Jan|Any CPU.Build.0 = Debug-Jan|Any CPU
		{6FBFC939-D5DB-4489-9453-5AF54FDB5C97}.Debug-Jenny|Any CPU.ActiveCfg = Debug-Jenny|Any CPU
		{6FBFC939-D5DB-4489-9453-5AF54FDB5C97}.Debug-Jenny|Any CPU.Build.0 = Debug-Jenny|Any CPU
		{6FBFC939-D5DB-4489-9453-5AF54FDB5C97}.Release|Any CPU.ActiveCfg = Release|Any CPU
		{6FBFC939-D5DB-4489-9453-5AF54FDB5C97}.Release|Any CPU.Build.0 = Release|Any CPU
		{4A2DA1F7-EDC1-49DE-811F-3489A226E7A7}.Debug|Any CPU.ActiveCfg = Debug|Any CPU
		{4A2DA1F7-EDC1-49DE-811F-3489A226E7A7}.Debug|Any CPU.Build.0 = Debug|Any CPU
		{4A2DA1F7-EDC1-49DE-811F-3489A226E7A7}.Debug-Jan|Any CPU.ActiveCfg = Debug|Any CPU
		{4A2DA1F7-EDC1-49DE-811F-3489A226E7A7}.Debug-Jan|Any CPU.Build.0 = Debug|Any CPU
		{4A2DA1F7-EDC1-49DE-811F-3489A226E7A7}.Debug-Jenny|Any CPU.ActiveCfg = Debug|Any CPU
		{4A2DA1F7-EDC1-49DE-811F-3489A226E7A7}.Debug-Jenny|Any CPU.Build.0 = Debug|Any CPU
		{4A2DA1F7-EDC1-49DE-811F-3489A226E7A7}.Release|Any CPU.ActiveCfg = Release|Any CPU
		{4A2DA1F7-EDC1-49DE-811F-3489A226E7A7}.Release|Any CPU.Build.0 = Release|Any CPU
		{AF961B4E-D46B-4ABD-8ED5-F3AE86EF2018}.Debug|Any CPU.ActiveCfg = Debug|Any CPU
		{AF961B4E-D46B-4ABD-8ED5-F3AE86EF2018}.Debug|Any CPU.Build.0 = Debug|Any CPU
		{AF961B4E-D46B-4ABD-8ED5-F3AE86EF2018}.Debug-Jan|Any CPU.ActiveCfg = Debug|Any CPU
		{AF961B4E-D46B-4ABD-8ED5-F3AE86EF2018}.Debug-Jan|Any CPU.Build.0 = Debug|Any CPU
		{AF961B4E-D46B-4ABD-8ED5-F3AE86EF2018}.Debug-Jenny|Any CPU.ActiveCfg = Debug|Any CPU
		{AF961B4E-D46B-4ABD-8ED5-F3AE86EF2018}.Debug-Jenny|Any CPU.Build.0 = Debug|Any CPU
		{AF961B4E-D46B-4ABD-8ED5-F3AE86EF2018}.Release|Any CPU.ActiveCfg = Release|Any CPU
		{AF961B4E-D46B-4ABD-8ED5-F3AE86EF2018}.Release|Any CPU.Build.0 = Release|Any CPU
	EndGlobalSection
	GlobalSection(SolutionProperties) = preSolution
		HideSolutionNode = FALSE
	EndGlobalSection
EndGlobal
